
Microsoft Visual Studio Solution File, Format Version 12.00
# Visual Studio Version 17
VisualStudioVersion = 17.8.34330.188
MinimumVisualStudioVersion = 10.0.40219.1
Project("{9A19103F-16F7-4668-BE54-9A1E7A4F7556}") = "TodoListBlazorWasm", "TodoListBlazorWasm\TodoListBlazorWasm.csproj", "{4E66E714-A850-4415-A54C-4A05CFB2F3B5}"
EndProject
Project("{FAE04EC0-301F-11D3-BF4B-00C04F79EFBC}") = "TodoList.Api", "TodoListApi\TodoList.Api.csproj", "{AFB3C462-62D9-4221-A234-D0107ADF3D25}"
EndProject
Global
	GlobalSection(SolutionConfigurationPlatforms) = preSolution
		Debug|Any CPU = Debug|Any CPU
		Release|Any CPU = Release|Any CPU
	EndGlobalSection
	GlobalSection(ProjectConfigurationPlatforms) = postSolution
		{4E66E714-A850-4415-A54C-4A05CFB2F3B5}.Debug|Any CPU.ActiveCfg = Debug|Any CPU
		{4E66E714-A850-4415-A54C-4A05CFB2F3B5}.Debug|Any CPU.Build.0 = Debug|Any CPU
		{4E66E714-A850-4415-A54C-4A05CFB2F3B5}.Release|Any CPU.ActiveCfg = Release|Any CPU
		{4E66E714-A850-4415-A54C-4A05CFB2F3B5}.Release|Any CPU.Build.0 = Release|Any CPU
		{AFB3C462-62D9-4221-A234-D0107ADF3D25}.Debug|Any CPU.ActiveCfg = Debug|Any CPU
		{AFB3C462-62D9-4221-A234-D0107ADF3D25}.Debug|Any CPU.Build.0 = Debug|Any CPU
		{AFB3C462-62D9-4221-A234-D0107ADF3D25}.Release|Any CPU.ActiveCfg = Release|Any CPU
		{AFB3C462-62D9-4221-A234-D0107ADF3D25}.Release|Any CPU.Build.0 = Release|Any CPU
	EndGlobalSection
	GlobalSection(SolutionProperties) = preSolution
		HideSolutionNode = FALSE
	EndGlobalSection
	GlobalSection(ExtensibilityGlobals) = postSolution
		SolutionGuid = {2E6DFEB6-5048-4EFF-9999-C8CAEAA080E0}
	EndGlobalSection
EndGlobal
